{
  "name": "@kawai-scripts/youtube-tweaks",
  "version": "1.0.0",
  "lockfileVersion": 1,
  "requires": true,
  "dependencies": {
    "@fortawesome/angular-fontawesome": {
      "version": "0.5.0",
      "resolved": "https://registry.npmjs.org/@fortawesome/angular-fontawesome/-/angular-fontawesome-0.5.0.tgz",
      "integrity": "sha512-5IR/jNMddiEpgApcqSMfp7l5kZqOtxQYzkSLW6iZ4MZHbQQ+Kc9tu9qi2hro6VFSk/sPxeYEzkzGZUNrMYiwOg==",
      "requires": {
        "tslib": "^1.9.0"
      }
    },
    "@fortawesome/fontawesome-common-types": {
      "version": "0.2.26",
      "resolved": "https://registry.npmjs.org/@fortawesome/fontawesome-common-types/-/fontawesome-common-types-0.2.26.tgz",
      "integrity": "sha512-CcM/fIFwZlRdiWG/25xE/wHbtyUuCtqoCTrr6BsWw7hH072fR++n4L56KPydAr3ANgMJMjT8v83ZFIsDc7kE+A=="
    },
    "@fortawesome/fontawesome-svg-core": {
      "version": "1.2.26",
      "resolved": "https://registry.npmjs.org/@fortawesome/fontawesome-svg-core/-/fontawesome-svg-core-1.2.26.tgz",
      "integrity": "sha512-3Dfd/v2IztP1TxKOxZiB5+4kaOZK9mNy0KU1vVK7nFlPWz3gzxrCWB+AloQhQUoJ8HhGqbzjliK89Vl7PExGbw==",
      "requires": {
        "@fortawesome/fontawesome-common-types": "^0.2.26"
      }
    },
    "@fortawesome/free-solid-svg-icons": {
      "version": "5.12.0",
      "resolved": "https://registry.npmjs.org/@fortawesome/free-solid-svg-icons/-/free-solid-svg-icons-5.12.0.tgz",
      "integrity": "sha512-CnpsWs6GhTs9ekNB3d8rcO5HYqRkXbYKf2YNiAlTWbj5eVlPqsd/XH1F9If8jkcR1aegryAbln/qYeKVZzpM0g==",
      "requires": {
        "@fortawesome/fontawesome-common-types": "^0.2.26"
      }
    },
    "@ngxs/devtools-plugin": {
      "version": "3.6.1",
      "resolved": "https://registry.npmjs.org/@ngxs/devtools-plugin/-/devtools-plugin-3.6.1.tgz",
      "integrity": "sha512-4FbIJsvg/uKhARrInGoXHNjZTdTZ94rWF81Bo2pLEWk1+Ma88x3Xspva+Y4HDMXYCswPFIwh3r3AJRBhAxQ1OA==",
      "requires": {
        "tslib": "^1.9.0"
      }
    },
    "@ngxs/store": {
      "version": "3.6.1",
      "resolved": "https://registry.npmjs.org/@ngxs/store/-/store-3.6.1.tgz",
      "integrity": "sha512-q8SsQ2/GwUz1bdQTm6KvuorRlUu2EbhqYznZAtOvaes81Ntd9RftUAfiiMu+NlrZ3bU3859kUIW3Po65sj/sNA==",
      "requires": {
        "tslib": "^1.9.0"
      }
    },
    "key-event-to-string": {
      "version": "1.2.0",
      "resolved": "https://registry.npmjs.org/key-event-to-string/-/key-event-to-string-1.2.0.tgz",
      "integrity": "sha512-XtYtvEp/f6WaYgNCOdRUuE/cTqoQXU7TK62rmGsA4ylRGvvFRlBsItkR9f+/MEaVzTAIqBDCU1Zt/67lv7L1iA=="
    },
    "tslib": {
      "version": "1.10.0",
      "resolved": "https://registry.npmjs.org/tslib/-/tslib-1.10.0.tgz",
      "integrity": "sha512-qOebF53frne81cf0S9B41ByenJ3/IuH8yJKngAX35CmiZySA0khhkovshKK+jGCaMnVomla7gVlIcc3EvKPbTQ=="
    }
  }
}
