{
	"name": "@kawai-scripts/soundcloud-downloader",
	"version": "1.5.0",
	"lockfileVersion": 1,
	"requires": true,
	"dependencies": {
		"@fortawesome/angular-fontawesome": {
			"version": "0.5.0",
			"resolved": "https://registry.npmjs.org/@fortawesome/angular-fontawesome/-/angular-fontawesome-0.5.0.tgz",
			"integrity": "sha512-5IR/jNMddiEpgApcqSMfp7l5kZqOtxQYzkSLW6iZ4MZHbQQ+Kc9tu9qi2hro6VFSk/sPxeYEzkzGZUNrMYiwOg==",
			"requires": {
				"tslib": "^1.9.0"
			}
		},
		"@fortawesome/fontawesome-common-types": {
			"version": "0.2.26",
			"resolved": "https://registry.npmjs.org/@fortawesome/fontawesome-common-types/-/fontawesome-common-types-0.2.26.tgz",
			"integrity": "sha512-CcM/fIFwZlRdiWG/25xE/wHbtyUuCtqoCTrr6BsWw7hH072fR++n4L56KPydAr3ANgMJMjT8v83ZFIsDc7kE+A=="
		},
		"@fortawesome/fontawesome-svg-core": {
			"version": "1.2.26",
			"resolved": "https://registry.npmjs.org/@fortawesome/fontawesome-svg-core/-/fontawesome-svg-core-1.2.26.tgz",
			"integrity": "sha512-3Dfd/v2IztP1TxKOxZiB5+4kaOZK9mNy0KU1vVK7nFlPWz3gzxrCWB+AloQhQUoJ8HhGqbzjliK89Vl7PExGbw==",
			"requires": {
				"@fortawesome/fontawesome-common-types": "^0.2.26"
			}
		},
		"@fortawesome/free-solid-svg-icons": {
			"version": "5.12.0",
			"resolved": "https://registry.npmjs.org/@fortawesome/free-solid-svg-icons/-/free-solid-svg-icons-5.12.0.tgz",
			"integrity": "sha512-CnpsWs6GhTs9ekNB3d8rcO5HYqRkXbYKf2YNiAlTWbj5eVlPqsd/XH1F9If8jkcR1aegryAbln/qYeKVZzpM0g==",
			"requires": {
				"@fortawesome/fontawesome-common-types": "^0.2.26"
			}
		},
		"@ngxs/devtools-plugin": {
			"version": "3.6.0",
			"resolved": "https://registry.npmjs.org/@ngxs/devtools-plugin/-/devtools-plugin-3.6.0.tgz",
			"integrity": "sha512-HzQfTLkBoFu2BTKhNgsPm6fZJXlUEv+Vafwdvqr+/pqle4Lm37XaPx1tVswGV0ldMh/SdC+XdRMXMN3lkMIGAg==",
			"dev": true,
			"requires": {
				"tslib": "^1.9.0"
			}
		},
		"@ngxs/storage-plugin": {
			"version": "3.7.1",
			"resolved": "https://registry.npmjs.org/@ngxs/storage-plugin/-/storage-plugin-3.7.1.tgz",
			"integrity": "sha512-2e/iHu2Ax/Z7hEfGZPCuUIPNiTb33e9kIM7xIho5BG18liKy1MTeZ7BS5PQKmMc7oY9Ji90ZjhU9uXnex/Em2w==",
			"requires": {
				"tslib": "^1.9.0"
			}
		},
		"@ngxs/store": {
			"version": "3.6.0",
			"resolved": "https://registry.npmjs.org/@ngxs/store/-/store-3.6.0.tgz",
			"integrity": "sha512-SE/2XK83snCDUj1c3iLRKp7YgCfBb9I+b+N82i1k5odn14oWvnalzB6oComu8zDwxzpD92Gt3CoZWr0V8Xct+A==",
			"requires": {
				"tslib": "^1.9.0"
			}
		},
		"browser-id3-writer": {
			"version": "4.3.0",
			"resolved": "https://registry.npmjs.org/browser-id3-writer/-/browser-id3-writer-4.3.0.tgz",
			"integrity": "sha512-KehRW+LTA5rEvkJIE3l2xXlItKskMrsAvl6Bqch3Nwg0uCLo4ku6kxpNPgpT2fmLW7gCkHNh+vhrtuOCAfmVEw=="
		},
		"dom-walk": {
			"version": "0.1.1",
			"resolved": "https://registry.npmjs.org/dom-walk/-/dom-walk-0.1.1.tgz",
			"integrity": "sha1-ZyIm3HTI95mtNTB9+TaroRrNYBg="
		},
		"global": {
			"version": "4.4.0",
			"resolved": "https://registry.npmjs.org/global/-/global-4.4.0.tgz",
			"integrity": "sha512-wv/LAoHdRE3BeTGz53FAamhGlPLhlssK45usmGFThIi4XqnBmjKQ16u+RNbP7WvigRZDxUsM0J3gcQ5yicaL0w==",
			"requires": {
				"min-document": "^2.19.0",
				"process": "^0.11.10"
			}
		},
		"m3u8-parser": {
			"version": "4.4.0",
			"resolved": "https://registry.npmjs.org/m3u8-parser/-/m3u8-parser-4.4.0.tgz",
			"integrity": "sha512-iH2AygTFILtato+XAgnoPYzLHM4R3DjATj7Ozbk7EHdB2XoLF2oyOUguM7Kc4UVHbQHHL/QPaw98r7PbWzG0gg==",
			"requires": {
				"global": "^4.3.2"
			}
		},
		"min-document": {
			"version": "2.19.0",
			"resolved": "https://registry.npmjs.org/min-document/-/min-document-2.19.0.tgz",
			"integrity": "sha1-e9KC4/WELtKVu3SM3Z8f+iyCRoU=",
			"requires": {
				"dom-walk": "^0.1.0"
			}
		},
		"process": {
			"version": "0.11.10",
			"resolved": "https://registry.npmjs.org/process/-/process-0.11.10.tgz",
			"integrity": "sha1-czIwDoQBYb2j5podHZGn1LwW8YI="
		},
		"tslib": {
			"version": "1.10.0",
			"resolved": "https://registry.npmjs.org/tslib/-/tslib-1.10.0.tgz",
			"integrity": "sha512-qOebF53frne81cf0S9B41ByenJ3/IuH8yJKngAX35CmiZySA0khhkovshKK+jGCaMnVomla7gVlIcc3EvKPbTQ=="
		}
	}
}
