{
	"name": "@kawai-scripts/soundcloud-downloader",
	"version": "1.0.0",
	"lockfileVersion": 1,
	"requires": true,
	"dependencies": {
		"axios": {
			"version": "0.19.1",
			"resolved": "https://registry.npmjs.org/axios/-/axios-0.19.1.tgz",
			"integrity": "sha512-Yl+7nfreYKaLRvAvjNPkvfjnQHJM1yLBY3zhqAwcJSwR/6ETkanUgylgtIvkvz0xJ+p/vZuNw8X7Hnb7Whsbpw==",
			"requires": {
				"follow-redirects": "1.5.10"
			}
		},
		"browser-id3-writer": {
			"version": "4.3.0",
			"resolved": "https://registry.npmjs.org/browser-id3-writer/-/browser-id3-writer-4.3.0.tgz",
			"integrity": "sha512-KehRW+LTA5rEvkJIE3l2xXlItKskMrsAvl6Bqch3Nwg0uCLo4ku6kxpNPgpT2fmLW7gCkHNh+vhrtuOCAfmVEw=="
		},
		"crunker": {
			"version": "0.2.0",
			"resolved": "https://registry.npmjs.org/crunker/-/crunker-0.2.0.tgz",
			"integrity": "sha512-qYHiKXhZTM/iKZ6vfokTvWIarwjg0rJ7/Wb4M6Xizetgs4o9+L3qZAs3ftCdQb/lsYBBdKVHgH0M4RwMxYu4Zg=="
		},
		"debug": {
			"version": "3.1.0",
			"resolved": "https://registry.npmjs.org/debug/-/debug-3.1.0.tgz",
			"integrity": "sha512-OX8XqP7/1a9cqkxYw2yXss15f26NKWBpDXQd0/uK/KPqdQhxbPa994hnzjcE2VqQpDslf55723cKPUOGSmMY3g==",
			"requires": {
				"ms": "2.0.0"
			}
		},
		"dom-walk": {
			"version": "0.1.1",
			"resolved": "https://registry.npmjs.org/dom-walk/-/dom-walk-0.1.1.tgz",
			"integrity": "sha1-ZyIm3HTI95mtNTB9+TaroRrNYBg="
		},
		"follow-redirects": {
			"version": "1.5.10",
			"resolved": "https://registry.npmjs.org/follow-redirects/-/follow-redirects-1.5.10.tgz",
			"integrity": "sha512-0V5l4Cizzvqt5D44aTXbFZz+FtyXV1vrDN6qrelxtfYQKW0KO0W2T/hkE8xvGa/540LkZlkaUjO4ailYTFtHVQ==",
			"requires": {
				"debug": "=3.1.0"
			}
		},
		"global": {
			"version": "4.4.0",
			"resolved": "https://registry.npmjs.org/global/-/global-4.4.0.tgz",
			"integrity": "sha512-wv/LAoHdRE3BeTGz53FAamhGlPLhlssK45usmGFThIi4XqnBmjKQ16u+RNbP7WvigRZDxUsM0J3gcQ5yicaL0w==",
			"requires": {
				"min-document": "^2.19.0",
				"process": "^0.11.10"
			}
		},
		"m3u8-parser": {
			"version": "4.4.0",
			"resolved": "https://registry.npmjs.org/m3u8-parser/-/m3u8-parser-4.4.0.tgz",
			"integrity": "sha512-iH2AygTFILtato+XAgnoPYzLHM4R3DjATj7Ozbk7EHdB2XoLF2oyOUguM7Kc4UVHbQHHL/QPaw98r7PbWzG0gg==",
			"requires": {
				"global": "^4.3.2"
			}
		},
		"min-document": {
			"version": "2.19.0",
			"resolved": "https://registry.npmjs.org/min-document/-/min-document-2.19.0.tgz",
			"integrity": "sha1-e9KC4/WELtKVu3SM3Z8f+iyCRoU=",
			"requires": {
				"dom-walk": "^0.1.0"
			}
		},
		"ms": {
			"version": "2.0.0",
			"resolved": "https://registry.npmjs.org/ms/-/ms-2.0.0.tgz",
			"integrity": "sha1-VgiurfwAvmwpAd9fmGF4jeDVl8g="
		},
		"process": {
			"version": "0.11.10",
			"resolved": "https://registry.npmjs.org/process/-/process-0.11.10.tgz",
			"integrity": "sha1-czIwDoQBYb2j5podHZGn1LwW8YI="
		},
		"rxjs": {
			"version": "6.5.4",
			"resolved": "https://registry.npmjs.org/rxjs/-/rxjs-6.5.4.tgz",
			"integrity": "sha512-naMQXcgEo3csAEGvw/NydRA0fuS2nDZJiw1YUWFKU7aPPAPGZEsD4Iimit96qwCieH6y614MCLYwdkrWx7z/7Q==",
			"requires": {
				"tslib": "^1.9.0"
			}
		},
		"tslib": {
			"version": "1.10.0",
			"resolved": "https://registry.npmjs.org/tslib/-/tslib-1.10.0.tgz",
			"integrity": "sha512-qOebF53frne81cf0S9B41ByenJ3/IuH8yJKngAX35CmiZySA0khhkovshKK+jGCaMnVomla7gVlIcc3EvKPbTQ=="
		}
	}
}
