{
  "name": "@kawai-scripts/youtube-blocker",
  "version": "1.4.0",
  "lockfileVersion": 1,
  "requires": true,
  "dependencies": {
    "@fortawesome/angular-fontawesome": {
      "version": "0.5.0",
      "resolved": "https://registry.npmjs.org/@fortawesome/angular-fontawesome/-/angular-fontawesome-0.5.0.tgz",
      "integrity": "sha512-5IR/jNMddiEpgApcqSMfp7l5kZqOtxQYzkSLW6iZ4MZHbQQ+Kc9tu9qi2hro6VFSk/sPxeYEzkzGZUNrMYiwOg==",
      "requires": {
        "tslib": "^1.9.0"
      }
    },
    "@fortawesome/fontawesome-common-types": {
      "version": "0.2.26",
      "resolved": "https://registry.npmjs.org/@fortawesome/fontawesome-common-types/-/fontawesome-common-types-0.2.26.tgz",
      "integrity": "sha512-CcM/fIFwZlRdiWG/25xE/wHbtyUuCtqoCTrr6BsWw7hH072fR++n4L56KPydAr3ANgMJMjT8v83ZFIsDc7kE+A=="
    },
    "@fortawesome/fontawesome-svg-core": {
      "version": "1.2.26",
      "resolved": "https://registry.npmjs.org/@fortawesome/fontawesome-svg-core/-/fontawesome-svg-core-1.2.26.tgz",
      "integrity": "sha512-3Dfd/v2IztP1TxKOxZiB5+4kaOZK9mNy0KU1vVK7nFlPWz3gzxrCWB+AloQhQUoJ8HhGqbzjliK89Vl7PExGbw==",
      "requires": {
        "@fortawesome/fontawesome-common-types": "^0.2.26"
      }
    },
    "@fortawesome/free-solid-svg-icons": {
      "version": "5.12.0",
      "resolved": "https://registry.npmjs.org/@fortawesome/free-solid-svg-icons/-/free-solid-svg-icons-5.12.0.tgz",
      "integrity": "sha512-CnpsWs6GhTs9ekNB3d8rcO5HYqRkXbYKf2YNiAlTWbj5eVlPqsd/XH1F9If8jkcR1aegryAbln/qYeKVZzpM0g==",
      "requires": {
        "@fortawesome/fontawesome-common-types": "^0.2.26"
      }
    },
    "@ngxs-labs/async-storage-plugin": {
      "version": "0.1.1",
      "resolved": "https://registry.npmjs.org/@ngxs-labs/async-storage-plugin/-/async-storage-plugin-0.1.1.tgz",
      "integrity": "sha512-Jl+dN4D3VsOt8LAUsEFTmYitkIbDecm8A6CL3d83s1G8C11+w4g8/su9W8H588GaDuz9GLcj1f64ioytCJ4hkA==",
      "requires": {
        "tslib": "^1.9.0"
      }
    },
    "@ngxs/devtools-plugin": {
      "version": "3.6.1",
      "resolved": "https://registry.npmjs.org/@ngxs/devtools-plugin/-/devtools-plugin-3.6.1.tgz",
      "integrity": "sha512-4FbIJsvg/uKhARrInGoXHNjZTdTZ94rWF81Bo2pLEWk1+Ma88x3Xspva+Y4HDMXYCswPFIwh3r3AJRBhAxQ1OA==",
      "requires": {
        "tslib": "^1.9.0"
      }
    },
    "@ngxs/store": {
      "version": "3.6.1",
      "resolved": "https://registry.npmjs.org/@ngxs/store/-/store-3.6.1.tgz",
      "integrity": "sha512-q8SsQ2/GwUz1bdQTm6KvuorRlUu2EbhqYznZAtOvaes81Ntd9RftUAfiiMu+NlrZ3bU3859kUIW3Po65sj/sNA==",
      "requires": {
        "tslib": "^1.9.0"
      }
    },
    "@types/braces": {
      "version": "3.0.0",
      "resolved": "https://registry.npmjs.org/@types/braces/-/braces-3.0.0.tgz",
      "integrity": "sha512-TbH79tcyi9FHwbyboOKeRachRq63mSuWYXOflsNO9ZyE5ClQ/JaozNKl+aWUq87qPNsXasXxi2AbgfwIJ+8GQw==",
      "dev": true
    },
    "@types/micromatch": {
      "version": "4.0.1",
      "resolved": "https://registry.npmjs.org/@types/micromatch/-/micromatch-4.0.1.tgz",
      "integrity": "sha512-my6fLBvpY70KattTNzYOK6KU1oR1+UCz9ug/JbcF5UrEmeCt9P7DV2t7L8+t18mMPINqGQCE4O8PLOPbI84gxw==",
      "dev": true,
      "requires": {
        "@types/braces": "*"
      }
    },
    "braces": {
      "version": "3.0.2",
      "resolved": "https://registry.npmjs.org/braces/-/braces-3.0.2.tgz",
      "integrity": "sha512-b8um+L1RzM3WDSzvhm6gIz1yfTbBt6YTlcEKAvsmqCZZFw46z626lVj9j1yEPW33H5H+lBQpZMP1k8l+78Ha0A==",
      "requires": {
        "fill-range": "^7.0.1"
      }
    },
    "element-matches-polyfill": {
      "version": "1.0.0",
      "resolved": "https://registry.npmjs.org/element-matches-polyfill/-/element-matches-polyfill-1.0.0.tgz",
      "integrity": "sha512-6xnaB9NpWYmSgWP1/njuCanX1nopjVZRvSivd9cX7cfURGdldeT46g+3ph1pfNNiiPvHLjfhUk/8HXQkbcu7ng=="
    },
    "fill-range": {
      "version": "7.0.1",
      "resolved": "https://registry.npmjs.org/fill-range/-/fill-range-7.0.1.tgz",
      "integrity": "sha512-qOo9F+dMUmC2Lcb4BbVvnKJxTPjCm+RRpe4gDuGrzkL7mEVl/djYSu2OdQ2Pa302N4oqkSg9ir6jaLWJ2USVpQ==",
      "requires": {
        "to-regex-range": "^5.0.1"
      }
    },
    "is-number": {
      "version": "7.0.0",
      "resolved": "https://registry.npmjs.org/is-number/-/is-number-7.0.0.tgz",
      "integrity": "sha512-41Cifkg6e8TylSpdtTpeLVMqvSBEVzTttHvERD741+pnZ8ANv0004MRL43QKPDlK9cGvNp6NZWZUBlbGXYxxng=="
    },
    "micromatch": {
      "version": "4.0.2",
      "resolved": "https://registry.npmjs.org/micromatch/-/micromatch-4.0.2.tgz",
      "integrity": "sha512-y7FpHSbMUMoyPbYUSzO6PaZ6FyRnQOpHuKwbo1G+Knck95XVU4QAiKdGEnj5wwoS7PlOgthX/09u5iFJ+aYf5Q==",
      "requires": {
        "braces": "^3.0.1",
        "picomatch": "^2.0.5"
      }
    },
    "picomatch": {
      "version": "2.2.1",
      "resolved": "https://registry.npmjs.org/picomatch/-/picomatch-2.2.1.tgz",
      "integrity": "sha512-ISBaA8xQNmwELC7eOjqFKMESB2VIqt4PPDD0nsS95b/9dZXvVKOlz9keMSnoGGKcOHXfTvDD6WMaRoSc9UuhRA=="
    },
    "to-regex-range": {
      "version": "5.0.1",
      "resolved": "https://registry.npmjs.org/to-regex-range/-/to-regex-range-5.0.1.tgz",
      "integrity": "sha512-65P7iz6X5yEr1cwcgvQxbbIw7Uk3gOy5dIdtZ4rDveLqhrdJP+Li/Hx6tyK0NEb+2GCyneCMJiGqrADCSNk8sQ==",
      "requires": {
        "is-number": "^7.0.0"
      }
    },
    "tslib": {
      "version": "1.10.0",
      "resolved": "https://registry.npmjs.org/tslib/-/tslib-1.10.0.tgz",
      "integrity": "sha512-qOebF53frne81cf0S9B41ByenJ3/IuH8yJKngAX35CmiZySA0khhkovshKK+jGCaMnVomla7gVlIcc3EvKPbTQ=="
    }
  }
}
