{
  "name": "@kawai-scripts/youtube-blocker",
  "version": "1.3.1",
  "lockfileVersion": 1,
  "requires": true,
  "dependencies": {
    "@fortawesome/angular-fontawesome": {
      "version": "0.5.0",
      "resolved": "https://registry.npmjs.org/@fortawesome/angular-fontawesome/-/angular-fontawesome-0.5.0.tgz",
      "integrity": "sha512-5IR/jNMddiEpgApcqSMfp7l5kZqOtxQYzkSLW6iZ4MZHbQQ+Kc9tu9qi2hro6VFSk/sPxeYEzkzGZUNrMYiwOg==",
      "requires": {
        "tslib": "^1.9.0"
      }
    },
    "@fortawesome/fontawesome-common-types": {
      "version": "0.2.26",
      "resolved": "https://registry.npmjs.org/@fortawesome/fontawesome-common-types/-/fontawesome-common-types-0.2.26.tgz",
      "integrity": "sha512-CcM/fIFwZlRdiWG/25xE/wHbtyUuCtqoCTrr6BsWw7hH072fR++n4L56KPydAr3ANgMJMjT8v83ZFIsDc7kE+A=="
    },
    "@fortawesome/fontawesome-svg-core": {
      "version": "1.2.26",
      "resolved": "https://registry.npmjs.org/@fortawesome/fontawesome-svg-core/-/fontawesome-svg-core-1.2.26.tgz",
      "integrity": "sha512-3Dfd/v2IztP1TxKOxZiB5+4kaOZK9mNy0KU1vVK7nFlPWz3gzxrCWB+AloQhQUoJ8HhGqbzjliK89Vl7PExGbw==",
      "requires": {
        "@fortawesome/fontawesome-common-types": "^0.2.26"
      }
    },
    "@fortawesome/free-solid-svg-icons": {
      "version": "5.12.0",
      "resolved": "https://registry.npmjs.org/@fortawesome/free-solid-svg-icons/-/free-solid-svg-icons-5.12.0.tgz",
      "integrity": "sha512-CnpsWs6GhTs9ekNB3d8rcO5HYqRkXbYKf2YNiAlTWbj5eVlPqsd/XH1F9If8jkcR1aegryAbln/qYeKVZzpM0g==",
      "requires": {
        "@fortawesome/fontawesome-common-types": "^0.2.26"
      }
    },
    "@ngxs-labs/async-storage-plugin": {
      "version": "0.1.1",
      "resolved": "https://registry.npmjs.org/@ngxs-labs/async-storage-plugin/-/async-storage-plugin-0.1.1.tgz",
      "integrity": "sha512-Jl+dN4D3VsOt8LAUsEFTmYitkIbDecm8A6CL3d83s1G8C11+w4g8/su9W8H588GaDuz9GLcj1f64ioytCJ4hkA==",
      "requires": {
        "tslib": "^1.9.0"
      }
    },
    "@ngxs/devtools-plugin": {
      "version": "3.6.1",
      "resolved": "https://registry.npmjs.org/@ngxs/devtools-plugin/-/devtools-plugin-3.6.1.tgz",
      "integrity": "sha512-4FbIJsvg/uKhARrInGoXHNjZTdTZ94rWF81Bo2pLEWk1+Ma88x3Xspva+Y4HDMXYCswPFIwh3r3AJRBhAxQ1OA==",
      "requires": {
        "tslib": "^1.9.0"
      }
    },
    "@ngxs/store": {
      "version": "3.6.1",
      "resolved": "https://registry.npmjs.org/@ngxs/store/-/store-3.6.1.tgz",
      "integrity": "sha512-q8SsQ2/GwUz1bdQTm6KvuorRlUu2EbhqYznZAtOvaes81Ntd9RftUAfiiMu+NlrZ3bU3859kUIW3Po65sj/sNA==",
      "requires": {
        "tslib": "^1.9.0"
      }
    },
    "@types/minimatch": {
      "version": "3.0.3",
      "resolved": "https://registry.npmjs.org/@types/minimatch/-/minimatch-3.0.3.tgz",
      "integrity": "sha512-tHq6qdbT9U1IRSGf14CL0pUlULksvY9OZ+5eEgl1N7t+OA3tGvNpxJCzuKQlsNgCVwbAs670L1vcVQi8j9HjnA==",
      "dev": true
    },
    "balanced-match": {
      "version": "1.0.0",
      "resolved": "https://registry.npmjs.org/balanced-match/-/balanced-match-1.0.0.tgz",
      "integrity": "sha1-ibTRmasr7kneFk6gK4nORi1xt2c="
    },
    "brace-expansion": {
      "version": "1.1.11",
      "resolved": "https://registry.npmjs.org/brace-expansion/-/brace-expansion-1.1.11.tgz",
      "integrity": "sha512-iCuPHDFgrHX7H2vEI/5xpz07zSHB00TpugqhmYtVmMO6518mCuRMoOYFldEBl0g187ufozdaHgWKcYFb61qGiA==",
      "requires": {
        "balanced-match": "^1.0.0",
        "concat-map": "0.0.1"
      }
    },
    "concat-map": {
      "version": "0.0.1",
      "resolved": "https://registry.npmjs.org/concat-map/-/concat-map-0.0.1.tgz",
      "integrity": "sha1-2Klr13/Wjfd5OnMDajug1UBdR3s="
    },
    "element-matches-polyfill": {
      "version": "1.0.0",
      "resolved": "https://registry.npmjs.org/element-matches-polyfill/-/element-matches-polyfill-1.0.0.tgz",
      "integrity": "sha512-6xnaB9NpWYmSgWP1/njuCanX1nopjVZRvSivd9cX7cfURGdldeT46g+3ph1pfNNiiPvHLjfhUk/8HXQkbcu7ng=="
    },
    "minimatch": {
      "version": "3.0.4",
      "resolved": "https://registry.npmjs.org/minimatch/-/minimatch-3.0.4.tgz",
      "integrity": "sha512-yJHVQEhyqPLUTgt9B83PXu6W3rx4MvvHvSUvToogpwoGDOUQ+yDrR0HRot+yOCdCO7u4hX3pWft6kWBBcqh0UA==",
      "requires": {
        "brace-expansion": "^1.1.7"
      }
    },
    "tslib": {
      "version": "1.10.0",
      "resolved": "https://registry.npmjs.org/tslib/-/tslib-1.10.0.tgz",
      "integrity": "sha512-qOebF53frne81cf0S9B41ByenJ3/IuH8yJKngAX35CmiZySA0khhkovshKK+jGCaMnVomla7gVlIcc3EvKPbTQ=="
    }
  }
}
